{
  "version": "2",
  "remote": {
    "https://cdn.skypack.dev/-/lodash@v4.17.21-K6GEbP02mWFnLA45zAmi/dist=es2020,mode=imports,min/optimized/lodash.js": "ec46b0397b625edd8f800c0a44529b0b9ea0fbeebc665f57226753c514f86fac",
    "https://cdn.skypack.dev/pin/lodash@v4.17.21-K6GEbP02mWFnLA45zAmi/mode=imports,min/optimized/lodash.js": "3b7969e9916fad1479fb6e6d5f8af51a8cd94622837c8a43e76b2ebdbbfaaae8",
    "https://deno.land/std@0.168.0/fmt/colors.ts": "03ad95e543d2808bc43c17a3dd29d25b43d0f16287fe562a0be89bf632454a12",
    "https://deno.land/std@0.168.0/testing/_diff.ts": "a23e7fc2b4d8daa3e158fa06856bedf5334ce2a2831e8bf9e509717f455adb2c",
    "https://deno.land/std@0.168.0/testing/_format.ts": "cd11136e1797791045e639e9f0f4640d5b4166148796cad37e6ef75f7d7f3832",
    "https://deno.land/std@0.168.0/testing/asserts.ts": "51353e79437361d4b02d8e32f3fc83b22231bc8f8d4c841d86fd32b0b0afe940"
  }
}
